
Microsoft Visual Studio Solution File, Format Version 12.00
Project("{FAE04EC0-301F-11D3-BF4B-00C04F79EFBC}") = "WebGui", "WebGui\WebGui.csproj", "{97AB33DE-991C-432E-853A-EFD4BB1F8B67}"
EndProject
Project("{FAE04EC0-301F-11D3-BF4B-00C04F79EFBC}") = "Model", "Model\Model.csproj", "{8D41C863-79F1-4E2A-8B4D-D5E43AACF4AA}"
EndProject
Project("{FAE04EC0-301F-11D3-BF4B-00C04F79EFBC}") = "Domain", "Domain\Domain.csproj", "{DD08A285-0586-4586-8AE5-CC837E07329B}"
EndProject
Global
	GlobalSection(SolutionConfigurationPlatforms) = preSolution
		Debug|Any CPU = Debug|Any CPU
		Release|Any CPU = Release|Any CPU
	EndGlobalSection
	GlobalSection(ProjectConfigurationPlatforms) = postSolution
		{97AB33DE-991C-432E-853A-EFD4BB1F8B67}.Debug|Any CPU.ActiveCfg = Debug|Any CPU
		{97AB33DE-991C-432E-853A-EFD4BB1F8B67}.Debug|Any CPU.Build.0 = Debug|Any CPU
		{97AB33DE-991C-432E-853A-EFD4BB1F8B67}.Release|Any CPU.ActiveCfg = Release|Any CPU
		{97AB33DE-991C-432E-853A-EFD4BB1F8B67}.Release|Any CPU.Build.0 = Release|Any CPU
		{8D41C863-79F1-4E2A-8B4D-D5E43AACF4AA}.Debug|Any CPU.ActiveCfg = Debug|Any CPU
		{8D41C863-79F1-4E2A-8B4D-D5E43AACF4AA}.Debug|Any CPU.Build.0 = Debug|Any CPU
		{8D41C863-79F1-4E2A-8B4D-D5E43AACF4AA}.Release|Any CPU.ActiveCfg = Release|Any CPU
		{8D41C863-79F1-4E2A-8B4D-D5E43AACF4AA}.Release|Any CPU.Build.0 = Release|Any CPU
		{DD08A285-0586-4586-8AE5-CC837E07329B}.Debug|Any CPU.ActiveCfg = Debug|Any CPU
		{DD08A285-0586-4586-8AE5-CC837E07329B}.Debug|Any CPU.Build.0 = Debug|Any CPU
		{DD08A285-0586-4586-8AE5-CC837E07329B}.Release|Any CPU.ActiveCfg = Release|Any CPU
		{DD08A285-0586-4586-8AE5-CC837E07329B}.Release|Any CPU.Build.0 = Release|Any CPU
	EndGlobalSection
EndGlobal
